
Microsoft Visual Studio Solution File, Format Version 11.00
# Visual Studio 2010
Project("{8BC9CEB8-8B4A-11D0-8D11-00A0C91BC942}") = "BSP", "BSP.vcxproj", "{3C334D2C-CFFE-4B1F-9899-85D0B903304A}"
EndProject
Global
	GlobalSection(SolutionConfigurationPlatforms) = preSolution
		Debug|Win32 = Debug|Win32
		Release|Win32 = Release|Win32
	EndGlobalSection
	GlobalSection(ProjectConfigurationPlatforms) = postSolution
		{3C334D2C-CFFE-4B1F-9899-85D0B903304A}.Debug|Win32.ActiveCfg = Debug|Win32
		{3C334D2C-CFFE-4B1F-9899-85D0B903304A}.Debug|Win32.Build.0 = Debug|Win32
		{3C334D2C-CFFE-4B1F-9899-85D0B903304A}.Release|Win32.ActiveCfg = Release|Win32
		{3C334D2C-CFFE-4B1F-9899-85D0B903304A}.Release|Win32.Build.0 = Release|Win32
	EndGlobalSection
	GlobalSection(SolutionProperties) = preSolution
		HideSolutionNode = FALSE
	EndGlobalSection
EndGlobal
